
Microsoft Visual Studio Solution File, Format Version 12.00
# Visual Studio Version 16
VisualStudioVersion = 16.0.32407.337
MinimumVisualStudioVersion = 10.0.40219.1
Project("{9A19103F-16F7-4668-BE54-9A1E7A4F7556}") = "Agenda", "Agenda\Agenda.csproj", "{319F65AC-E4D0-4076-8CAB-942FBB7FA765}"
EndProject
Global
	GlobalSection(SolutionConfigurationPlatforms) = preSolution
		Debug|Any CPU = Debug|Any CPU
		Release|Any CPU = Release|Any CPU
	EndGlobalSection
	GlobalSection(ProjectConfigurationPlatforms) = postSolution
		{319F65AC-E4D0-4076-8CAB-942FBB7FA765}.Debug|Any CPU.ActiveCfg = Debug|Any CPU
		{319F65AC-E4D0-4076-8CAB-942FBB7FA765}.Debug|Any CPU.Build.0 = Debug|Any CPU
		{319F65AC-E4D0-4076-8CAB-942FBB7FA765}.Release|Any CPU.ActiveCfg = Release|Any CPU
		{319F65AC-E4D0-4076-8CAB-942FBB7FA765}.Release|Any CPU.Build.0 = Release|Any CPU
	EndGlobalSection
	GlobalSection(SolutionProperties) = preSolution
		HideSolutionNode = FALSE
	EndGlobalSection
	GlobalSection(ExtensibilityGlobals) = postSolution
		SolutionGuid = {4297697F-AEB2-468F-B464-F59B82F451FD}
	EndGlobalSection
EndGlobal
